{
  "nodes": {
    "cairo-nix": {
      "inputs": {
        "flake-utils": "flake-utils",
        "nixpkgs": "nixpkgs"
      },
      "locked": {
        "lastModified": 1715162342,
        "narHash": "sha256-aWWLTVtW5cT63byA/laR5oVVlyjZ2+1irNfDvIsxHGw=",
        "owner": "cairo-nix",
        "repo": "cairo-nix",
        "rev": "faeebcc9bc66a684ef9cc98b14536ac3e62d8f31",
        "type": "github"
      },
      "original": {
        "owner": "cairo-nix",
        "repo": "cairo-nix",
        "type": "github"
      }
    },
    "cairo-src": {
      "flake": false,
      "locked": {
        "lastModified": 1718030142,
        "narHash": "sha256-AjhTjbup3lOwHSBk9KQk8KjRrWAZYZwuG4YHgNfi6qE=",
        "owner": "starkware-libs",
        "repo": "cairo",
        "rev": "b4459a56578d26746658704fda9841772f84d4af",
        "type": "github"
      },
      "original": {
        "owner": "starkware-libs",
        "ref": "v2.6.4",
        "repo": "cairo",
        "type": "github"
      }
    },
    "flake-utils": {
      "inputs": {
        "systems": "systems"
      },
      "locked": {
        "lastModified": 1705309234,
        "narHash": "sha256-uNRRNRKmJyCRC/8y1RqBkqWBLM034y4qN7EprSdmgyA=",
        "owner": "numtide",
        "repo": "flake-utils",
        "rev": "1ef2e671c3b0c19053962c07dbda38332dcebf26",
        "type": "github"
      },
      "original": {
        "owner": "numtide",
        "repo": "flake-utils",
        "type": "github"
      }
    },
    "flake-utils_2": {
      "inputs": {
        "systems": "systems_2"
      },
      "locked": {
        "lastModified": 1710146030,
        "narHash": "sha256-SZ5L6eA7HJ/nmkzGG7/ISclqe6oZdOZTNoesiInkXPQ=",
        "owner": "numtide",
        "repo": "flake-utils",
        "rev": "b1d9ab70662946ef0850d488da1c9019f3a9752a",
        "type": "github"
      },
      "original": {
        "owner": "numtide",
        "repo": "flake-utils",
        "type": "github"
      }
    },
    "nixpkgs": {
      "locked": {
        "lastModified": 1705856552,
        "narHash": "sha256-JXfnuEf5Yd6bhMs/uvM67/joxYKoysyE3M2k6T3eWbg=",
        "owner": "nixos",
        "repo": "nixpkgs",
        "rev": "612f97239e2cc474c13c9dafa0df378058c5ad8d",
        "type": "github"
      },
      "original": {
        "owner": "nixos",
        "ref": "nixos-unstable",
        "repo": "nixpkgs",
        "type": "github"
      }
    },
    "nixpkgs_2": {
      "locked": {
        "lastModified": 1722957468,
        "narHash": "sha256-SQ0TCC4aklOhN/OzcztrKqDLY8SjpIZcyvTulzhDXs0=",
        "owner": "nixos",
        "repo": "nixpkgs",
        "rev": "2a13929e1f191b3690dd2f2db13098b04adb9043",
        "type": "github"
      },
      "original": {
        "owner": "nixos",
        "ref": "nixpkgs-unstable",
        "repo": "nixpkgs",
        "type": "github"
      }
    },
    "nixpkgs_3": {
      "locked": {
        "lastModified": 1718428119,
        "narHash": "sha256-WdWDpNaq6u1IPtxtYHHWpl5BmabtpmLnMAx0RdJ/vo8=",
        "owner": "NixOS",
        "repo": "nixpkgs",
        "rev": "e6cea36f83499eb4e9cd184c8a8e823296b50ad5",
        "type": "github"
      },
      "original": {
        "owner": "NixOS",
        "ref": "nixpkgs-unstable",
        "repo": "nixpkgs",
        "type": "github"
      }
    },
    "root": {
      "inputs": {
        "cairo-nix": "cairo-nix",
        "cairo-src": "cairo-src",
        "flake-utils": "flake-utils_2",
        "nixpkgs": "nixpkgs_2",
        "rust-overlay": "rust-overlay",
        "scarb-src": "scarb-src",
        "starknet-devnet-src": "starknet-devnet-src"
      }
    },
    "rust-overlay": {
      "inputs": {
        "nixpkgs": "nixpkgs_3"
      },
      "locked": {
        "lastModified": 1722997267,
        "narHash": "sha256-8Pncp8IKd0f0N711CRrCGTC4iLfBE+/5kaMqyWxnYic=",
        "owner": "oxalica",
        "repo": "rust-overlay",
        "rev": "d720bf3cebac38c2426d77ee2e59943012854cb8",
        "type": "github"
      },
      "original": {
        "owner": "oxalica",
        "repo": "rust-overlay",
        "type": "github"
      }
    },
    "scarb-src": {
      "flake": false,
      "locked": {
        "lastModified": 1718105428,
        "narHash": "sha256-VUXiaqa/T6WBxPzbcQ82MvEc8WNnUdvx9Nw+1PP3cNQ=",
        "owner": "software-mansion",
        "repo": "scarb",
        "rev": "d49f543948a7ae8a7d3108c8ff8f6b17dc15ef78",
        "type": "github"
      },
      "original": {
        "owner": "software-mansion",
        "ref": "v2.6.5",
        "repo": "scarb",
        "type": "github"
      }
    },
    "starknet-devnet-src": {
      "flake": false,
      "locked": {
        "lastModified": 1722592942,
        "narHash": "sha256-SAOZ6M6jmzmF+H3B7IPiyb1CRFv2WoFArlVzgyDXmmQ=",
        "owner": "0xSpaceShard",
        "repo": "starknet-devnet-rs",
        "rev": "0a73e4331a246a79f88c21c0364e62c82966e7a6",
        "type": "github"
      },
      "original": {
        "owner": "0xSpaceShard",
        "repo": "starknet-devnet-rs",
        "type": "github"
      }
    },
    "systems": {
      "locked": {
        "lastModified": 1681028828,
        "narHash": "sha256-Vy1rq5AaRuLzOxct8nz4T6wlgyUR7zLU309k9mBC768=",
        "owner": "nix-systems",
        "repo": "default",
        "rev": "da67096a3b9bf56a91d16901293e51ba5b49a27e",
        "type": "github"
      },
      "original": {
        "owner": "nix-systems",
        "repo": "default",
        "type": "github"
      }
    },
    "systems_2": {
      "locked": {
        "lastModified": 1681028828,
        "narHash": "sha256-Vy1rq5AaRuLzOxct8nz4T6wlgyUR7zLU309k9mBC768=",
        "owner": "nix-systems",
        "repo": "default",
        "rev": "da67096a3b9bf56a91d16901293e51ba5b49a27e",
        "type": "github"
      },
      "original": {
        "owner": "nix-systems",
        "repo": "default",
        "type": "github"
      }
    }
  },
  "root": "root",
  "version": 7
}
