# Code generated by scarb DO NOT EDIT.
version = 1

[[package]]
name = "openzeppelin"
version = "0.14.0"
source = "git+https://github.com/OpenZeppelin/cairo-contracts.git?tag=v0.14.0#f091c4f51ddeb10297db984acae965328c5a4e5b"

[[package]]
name = "snforge_std"
version = "0.25.0"
source = "git+https://github.com/foundry-rs/starknet-foundry?tag=v0.25.0#5b366e24821e530fea97f11b211d220e8493fbea"

[[package]]
name = "starknet_ibc"
version = "0.1.0"
dependencies = [
 "starknet_ibc_app_transfer",
 "starknet_ibc_client_cometbft",
 "starknet_ibc_core_channel",
 "starknet_ibc_core_client",
 "starknet_ibc_core_host",
 "starknet_ibc_testing",
 "starknet_ibc_utils",
]

[[package]]
name = "starknet_ibc_app_transfer"
version = "0.1.0"
dependencies = [
 "openzeppelin",
 "snforge_std",
 "starknet_ibc_core_channel",
 "starknet_ibc_core_host",
 "starknet_ibc_utils",
]

[[package]]
name = "starknet_ibc_client_cometbft"
version = "0.1.0"
dependencies = [
 "snforge_std",
 "starknet_ibc_core_client",
]

[[package]]
name = "starknet_ibc_core_channel"
version = "0.1.0"
dependencies = [
 "snforge_std",
 "starknet_ibc_core_client",
 "starknet_ibc_core_host",
]

[[package]]
name = "starknet_ibc_core_client"
version = "0.1.0"
dependencies = [
 "snforge_std",
 "starknet_ibc_core_host",
]

[[package]]
name = "starknet_ibc_core_host"
version = "0.1.0"
dependencies = [
 "snforge_std",
 "starknet_ibc_utils",
]

[[package]]
name = "starknet_ibc_presets"
version = "0.1.0"
dependencies = [
 "openzeppelin",
 "snforge_std",
 "starknet_ibc_app_transfer",
 "starknet_ibc_client_cometbft",
 "starknet_ibc_core_client",
 "starknet_ibc_utils",
]

[[package]]
name = "starknet_ibc_testing"
version = "0.1.0"
dependencies = [
 "openzeppelin",
 "snforge_std",
 "starknet_ibc_app_transfer",
 "starknet_ibc_core_client",
 "starknet_ibc_presets",
 "starknet_ibc_utils",
]

[[package]]
name = "starknet_ibc_utils"
version = "0.1.0"
dependencies = [
 "openzeppelin",
 "snforge_std",
]
