# Code generated by scarb DO NOT EDIT.
version = 1

[[package]]
name = "openzeppelin_access"
version = "0.15.1"
source = "git+https://github.com/OpenZeppelin/cairo-contracts.git?tag=v0.15.1#2f8a93d762858714095a1d391afffa9e21df6983"
dependencies = [
 "openzeppelin_introspection",
 "openzeppelin_utils",
]

[[package]]
name = "openzeppelin_account"
version = "0.15.1"
source = "git+https://github.com/OpenZeppelin/cairo-contracts.git?tag=v0.15.1#2f8a93d762858714095a1d391afffa9e21df6983"
dependencies = [
 "openzeppelin_introspection",
 "openzeppelin_utils",
]

[[package]]
name = "openzeppelin_governance"
version = "0.15.1"
source = "git+https://github.com/OpenZeppelin/cairo-contracts.git?tag=v0.15.1#2f8a93d762858714095a1d391afffa9e21df6983"
dependencies = [
 "openzeppelin_access",
 "openzeppelin_introspection",
]

[[package]]
name = "openzeppelin_introspection"
version = "0.15.1"
source = "git+https://github.com/OpenZeppelin/cairo-contracts.git?tag=v0.15.1#2f8a93d762858714095a1d391afffa9e21df6983"

[[package]]
name = "openzeppelin_testing"
version = "0.15.1"
source = "git+https://github.com/OpenZeppelin/cairo-contracts.git?tag=v0.15.1#2f8a93d762858714095a1d391afffa9e21df6983"
dependencies = [
 "snforge_std",
]

[[package]]
name = "openzeppelin_token"
version = "0.15.1"
source = "git+https://github.com/OpenZeppelin/cairo-contracts.git?tag=v0.15.1#2f8a93d762858714095a1d391afffa9e21df6983"
dependencies = [
 "openzeppelin_account",
 "openzeppelin_governance",
 "openzeppelin_introspection",
]

[[package]]
name = "openzeppelin_utils"
version = "0.15.1"
source = "git+https://github.com/OpenZeppelin/cairo-contracts.git?tag=v0.15.1#2f8a93d762858714095a1d391afffa9e21df6983"

[[package]]
name = "snforge_std"
version = "0.26.0"
source = "git+https://github.com/foundry-rs/starknet-foundry?tag=v0.26.0#50eb589db65e113efe4f09241feb59b574228c7e"

[[package]]
name = "starknet_ibc"
version = "0.1.0"
dependencies = [
 "starknet_ibc_apps",
 "starknet_ibc_clients",
 "starknet_ibc_contracts",
 "starknet_ibc_core",
 "starknet_ibc_utils",
]

[[package]]
name = "starknet_ibc_apps"
version = "0.1.0"
dependencies = [
 "openzeppelin_testing",
 "openzeppelin_token",
 "openzeppelin_utils",
 "snforge_std",
 "starknet_ibc_core",
 "starknet_ibc_utils",
]

[[package]]
name = "starknet_ibc_clients"
version = "0.1.0"
dependencies = [
 "starknet_ibc_core",
]

[[package]]
name = "starknet_ibc_contracts"
version = "0.1.0"
dependencies = [
 "openzeppelin_access",
 "openzeppelin_token",
 "starknet_ibc_apps",
 "starknet_ibc_clients",
 "starknet_ibc_core",
 "starknet_ibc_utils",
]

[[package]]
name = "starknet_ibc_core"
version = "0.1.0"
dependencies = [
 "snforge_std",
 "starknet_ibc_utils",
]

[[package]]
name = "starknet_ibc_utils"
version = "0.1.0"
dependencies = [
 "openzeppelin_token",
 "snforge_std",
]
