# Code generated by scarb DO NOT EDIT.
version = 1

[[package]]
name = "alexandria_math"
version = "0.5.1"
source = "registry+https://scarbs.xyz/"
checksum = "sha256:a115109644f62742ed8a4e97bc55c0a82b450df64f8c137d78990c42b1178f25"

[[package]]
name = "cometbft"
version = "0.1.0"
dependencies = [
 "alexandria_math",
 "ibc_utils",
 "ics23",
 "protobuf",
]

[[package]]
name = "garaga"
version = "0.18.1"
source = "git+https://github.com/keep-starknet-strange/garaga.git#9ed3552f7547129bca3ba740918ad9eb8fab4aff"

[[package]]
name = "ibc_utils"
version = "0.1.0"

[[package]]
name = "ics23"
version = "0.1.0"
dependencies = [
 "ibc_utils",
 "protobuf",
]

[[package]]
name = "openzeppelin_access"
version = "1.0.0"
source = "registry+https://scarbs.xyz/"
checksum = "sha256:a39a4ea1582916c637bf7e3aee0832c3fe1ea3a3e39191955e8dc39d08327f9b"
dependencies = [
 "openzeppelin_introspection",
 "openzeppelin_utils",
]

[[package]]
name = "openzeppelin_account"
version = "1.0.0"
source = "registry+https://scarbs.xyz/"
checksum = "sha256:7e943a2de32ddca4d48e467e52790e380ab1f49c4daddbbbc4634dd930d0243f"
dependencies = [
 "openzeppelin_introspection",
 "openzeppelin_utils",
]

[[package]]
name = "openzeppelin_introspection"
version = "1.0.0"
source = "registry+https://scarbs.xyz/"
checksum = "sha256:34e088ecf19e0b3012481a29f1fbb20e600540cb9a5db1c3002a97ebb7f5a32a"

[[package]]
name = "openzeppelin_testing"
version = "4.1.0"
source = "registry+https://scarbs.xyz/"
checksum = "sha256:0f0ad8c3aa25ec1ce4a934cc7d1e9f9fa7319e98416dc4c9c9a1289cbf90f647"
dependencies = [
 "snforge_std",
]

[[package]]
name = "openzeppelin_token"
version = "1.0.0"
source = "registry+https://scarbs.xyz/"
checksum = "sha256:33fcb84a1a76d2d3fff9302094ff564f78d45b743548fd7568c130b272473f66"
dependencies = [
 "openzeppelin_access",
 "openzeppelin_account",
 "openzeppelin_introspection",
 "openzeppelin_utils",
]

[[package]]
name = "openzeppelin_utils"
version = "1.0.0"
source = "registry+https://scarbs.xyz/"
checksum = "sha256:fd348b31c4a4407add33adc3c2b8f26dca71dbd7431faaf726168f37a91db0c1"

[[package]]
name = "protobuf"
version = "0.1.0"
dependencies = [
 "ibc_utils",
]

[[package]]
name = "serde_json"
version = "0.1.0"
dependencies = [
 "ibc_utils",
]

[[package]]
name = "snforge_scarb_plugin"
version = "0.44.0"
source = "registry+https://scarbs.xyz/"
checksum = "sha256:ec8c7637b33392a53153c1e5b87a4617ddcb1981951b233ea043cad5136697e2"

[[package]]
name = "snforge_std"
version = "0.44.0"
source = "registry+https://scarbs.xyz/"
checksum = "sha256:d4affedfb90715b1ac417b915c0a63377ae6dd69432040e5d933130d65114702"
dependencies = [
 "snforge_scarb_plugin",
]

[[package]]
name = "starknet_ibc"
version = "0.1.0"
dependencies = [
 "starknet_ibc_apps",
 "starknet_ibc_clients",
 "starknet_ibc_contracts",
 "starknet_ibc_core",
 "starknet_ibc_utils",
]

[[package]]
name = "starknet_ibc_apps"
version = "0.1.0"
dependencies = [
 "ibc_utils",
 "openzeppelin_access",
 "openzeppelin_testing",
 "openzeppelin_token",
 "openzeppelin_utils",
 "serde_json",
 "snforge_std",
 "starknet_ibc_contracts",
 "starknet_ibc_core",
 "starknet_ibc_testkit",
 "starknet_ibc_utils",
]

[[package]]
name = "starknet_ibc_clients"
version = "0.1.0"
dependencies = [
 "cometbft",
 "ibc_utils",
 "ics23",
 "openzeppelin_access",
 "protobuf",
 "snforge_std",
 "starknet_ibc_core",
 "starknet_ibc_libs",
 "starknet_ibc_testkit",
 "starknet_ibc_utils",
]

[[package]]
name = "starknet_ibc_contracts"
version = "0.1.0"
dependencies = [
 "ibc_utils",
 "openzeppelin_access",
 "openzeppelin_testing",
 "openzeppelin_token",
 "snforge_std",
 "starknet_ibc_apps",
 "starknet_ibc_clients",
 "starknet_ibc_core",
 "starknet_ibc_libs",
 "starknet_ibc_testkit",
 "starknet_ibc_utils",
]

[[package]]
name = "starknet_ibc_core"
version = "0.1.0"
dependencies = [
 "cometbft",
 "ibc_utils",
 "ics23",
 "openzeppelin_testing",
 "protobuf",
 "serde_json",
 "snforge_std",
 "starknet_ibc_libs",
 "starknet_ibc_testkit",
 "starknet_ibc_utils",
]

[[package]]
name = "starknet_ibc_libs"
version = "0.1.0"
dependencies = [
 "alexandria_math",
 "cometbft",
 "garaga",
 "ibc_utils",
 "ics23",
 "openzeppelin_access",
 "openzeppelin_testing",
 "openzeppelin_token",
 "openzeppelin_utils",
 "protobuf",
 "snforge_std",
 "starknet_ibc_contracts",
 "starknet_ibc_core",
 "starknet_ibc_testkit",
 "starknet_ibc_utils",
]

[[package]]
name = "starknet_ibc_testkit"
version = "0.1.0"
dependencies = [
 "cometbft",
 "ibc_utils",
 "ics23",
 "openzeppelin_access",
 "openzeppelin_testing",
 "openzeppelin_token",
 "openzeppelin_utils",
 "protobuf",
 "serde_json",
 "snforge_std",
 "starknet_ibc_apps",
 "starknet_ibc_clients",
 "starknet_ibc_core",
]

[[package]]
name = "starknet_ibc_utils"
version = "0.1.0"
dependencies = [
 "openzeppelin_token",
 "snforge_std",
]
