# Code generated by scarb DO NOT EDIT.
version = 1

[[package]]
name = "alexandria_math"
version = "0.5.0"
source = "registry+https://scarbs.xyz/"
checksum = "sha256:cfa321a7258aa4ff659d962755833e69ad11330799ad426252c76d1e2b25c95c"

[[package]]
name = "cometbft"
version = "0.1.0"
dependencies = [
 "ics23",
 "protobuf",
 "snforge_std",
]

[[package]]
name = "ics23"
version = "0.1.0"
dependencies = [
 "protobuf",
 "snforge_std",
]

[[package]]
name = "protobuf"
version = "0.1.0"
dependencies = [
 "alexandria_math",
 "snforge_std",
]

[[package]]
name = "serde_json"
version = "0.1.0"
dependencies = [
 "snforge_std",
]

[[package]]
name = "snforge_scarb_plugin"
version = "0.38.3"
source = "registry+https://scarbs.xyz/"
checksum = "sha256:0cd914b547acd96b4cad99a78e95c0eda001d0c280da4969b2161e286079cf46"

[[package]]
name = "snforge_std"
version = "0.38.3"
source = "registry+https://scarbs.xyz/"
checksum = "sha256:d376526fbbe22535ad89ed630b11d6e209f22c50168de6c6430c0591c81c3174"
dependencies = [
 "snforge_scarb_plugin",
]
