# Code generated by scarb DO NOT EDIT.
version = 1

[[package]]
name = "alexandria_math"
version = "0.6.0"
source = "registry+https://scarbs.xyz/"
checksum = "sha256:1e08ebba0ed9f7217b8efc283d2ad41730257cf41a47ca88a94fb0fafad22e9e"

[[package]]
name = "cometbft"
version = "0.1.0"
dependencies = [
 "alexandria_math",
 "garaga",
 "ibc_utils",
 "ics23",
 "protobuf",
 "snforge_std",
]

[[package]]
name = "garaga"
version = "0.18.2"
source = "git+https://github.com/keep-starknet-strange/garaga.git?rev=ffb90e5#ffb90e533497121ffa5284c7362dc56fa10b18c6"

[[package]]
name = "ibc_utils"
version = "0.1.0"
dependencies = [
 "snforge_std",
]

[[package]]
name = "ics23"
version = "0.1.0"
dependencies = [
 "ibc_utils",
 "protobuf",
 "snforge_std",
]

[[package]]
name = "protobuf"
version = "0.1.0"
dependencies = [
 "alexandria_math",
 "ibc_utils",
 "snforge_std",
]

[[package]]
name = "serde_json"
version = "0.1.0"
dependencies = [
 "ibc_utils",
 "snforge_std",
]

[[package]]
name = "snforge_scarb_plugin"
version = "0.47.0"
source = "registry+https://scarbs.xyz/"
checksum = "sha256:3525e4502541043571678531fced28f753746cb59a8aa79811811218abef6c05"

[[package]]
name = "snforge_std"
version = "0.47.0"
source = "registry+https://scarbs.xyz/"
checksum = "sha256:b8647adcd0f5c9631f88b5a523b2653a82f2349dde2af7213c75f1006fa3f71b"
dependencies = [
 "snforge_scarb_plugin",
]
