# Code generated by scarb DO NOT EDIT.
version = 1

[[package]]
name = "alexandria_math"
version = "0.5.0"
source = "git+https://github.com/keep-starknet-strange/alexandria?rev=f2c5fbe#f2c5fbe0bd4945275e664386e6b372e51e713596"

[[package]]
name = "cometbft"
version = "0.1.0"
dependencies = [
 "alexandria_math",
 "ibc_utils",
 "ics23",
 "protobuf",
 "snforge_std",
]

[[package]]
name = "ibc_utils"
version = "0.1.0"
dependencies = [
 "snforge_std",
]

[[package]]
name = "ics23"
version = "0.1.0"
dependencies = [
 "ibc_utils",
 "protobuf",
 "snforge_std",
]

[[package]]
name = "protobuf"
version = "0.1.0"
dependencies = [
 "alexandria_math",
 "ibc_utils",
 "snforge_std",
]

[[package]]
name = "serde_json"
version = "0.1.0"
dependencies = [
 "ibc_utils",
 "snforge_std",
]

[[package]]
name = "snforge_scarb_plugin"
version = "0.43.1"
source = "registry+https://scarbs.xyz/"
checksum = "sha256:178e1e2081003ae5e40b5a8574654bed15acbd31cce651d4e74fe2f009bc0122"

[[package]]
name = "snforge_std"
version = "0.43.1"
source = "registry+https://scarbs.xyz/"
checksum = "sha256:17bc65b0abfb9b174784835df173f9c81c9ad39523dba760f30589ef53cf8bb5"
dependencies = [
 "snforge_scarb_plugin",
]
