# This file is automatically @generated by Cargo.
# It is not intended for manual editing.
version = 3

[[package]]
name = "cgp-async"
version = "0.1.0"
source = "git+https://github.com/informalsystems/cgp.git#778fb3f76164fc7b8199e8c6edd9f085ba73438d"
dependencies = [
 "cgp-async-macro",
]

[[package]]
name = "cgp-async-macro"
version = "0.1.0"
source = "git+https://github.com/informalsystems/cgp.git#778fb3f76164fc7b8199e8c6edd9f085ba73438d"
dependencies = [
 "proc-macro2",
 "quote",
 "syn",
]

[[package]]
name = "cgp-component"
version = "0.1.0"
source = "git+https://github.com/informalsystems/cgp.git#778fb3f76164fc7b8199e8c6edd9f085ba73438d"
dependencies = [
 "cgp-async",
 "cgp-component-macro",
]

[[package]]
name = "cgp-component-macro"
version = "0.1.0"
source = "git+https://github.com/informalsystems/cgp.git#778fb3f76164fc7b8199e8c6edd9f085ba73438d"
dependencies = [
 "cgp-component-macro-lib",
 "proc-macro2",
]

[[package]]
name = "cgp-component-macro-lib"
version = "0.1.0"
source = "git+https://github.com/informalsystems/cgp.git#778fb3f76164fc7b8199e8c6edd9f085ba73438d"
dependencies = [
 "itertools",
 "prettyplease",
 "proc-macro2",
 "quote",
 "syn",
]

[[package]]
name = "cgp-core"
version = "0.1.0"
source = "git+https://github.com/informalsystems/cgp.git#778fb3f76164fc7b8199e8c6edd9f085ba73438d"
dependencies = [
 "cgp-async",
 "cgp-component",
 "cgp-error",
 "cgp-field",
 "cgp-inner",
 "cgp-run",
]

[[package]]
name = "cgp-error"
version = "0.1.0"
source = "git+https://github.com/informalsystems/cgp.git#778fb3f76164fc7b8199e8c6edd9f085ba73438d"
dependencies = [
 "cgp-async",
 "cgp-component",
]

[[package]]
name = "cgp-field"
version = "0.1.0"
source = "git+https://github.com/informalsystems/cgp.git#778fb3f76164fc7b8199e8c6edd9f085ba73438d"
dependencies = [
 "cgp-field-macro",
]

[[package]]
name = "cgp-field-macro"
version = "0.1.0"
source = "git+https://github.com/informalsystems/cgp.git#778fb3f76164fc7b8199e8c6edd9f085ba73438d"
dependencies = [
 "cgp-field-macro-lib",
 "proc-macro2",
]

[[package]]
name = "cgp-field-macro-lib"
version = "0.1.0"
source = "git+https://github.com/informalsystems/cgp.git#778fb3f76164fc7b8199e8c6edd9f085ba73438d"
dependencies = [
 "itertools",
 "prettyplease",
 "proc-macro2",
 "quote",
 "syn",
]

[[package]]
name = "cgp-inner"
version = "0.1.0"
source = "git+https://github.com/informalsystems/cgp.git#778fb3f76164fc7b8199e8c6edd9f085ba73438d"
dependencies = [
 "cgp-async",
 "cgp-component",
]

[[package]]
name = "cgp-run"
version = "0.1.0"
source = "git+https://github.com/informalsystems/cgp.git#778fb3f76164fc7b8199e8c6edd9f085ba73438d"
dependencies = [
 "cgp-async",
 "cgp-component",
 "cgp-error",
]

[[package]]
name = "either"
version = "1.13.0"
source = "registry+https://github.com/rust-lang/crates.io-index"
checksum = "60b1af1c220855b6ceac025d3f6ecdd2b7c4894bfe9cd9bda4fbb4bc7c0d4cf0"

[[package]]
name = "hermes-encoding-components"
version = "0.1.0"
source = "git+https://github.com/informalsystems/hermes-sdk.git#659e5bb934421413f4d19586027baba0520d6101"
dependencies = [
 "cgp-core",
]

[[package]]
name = "hermes-logging-components"
version = "0.1.0"
source = "git+https://github.com/informalsystems/hermes-sdk.git#659e5bb934421413f4d19586027baba0520d6101"
dependencies = [
 "cgp-core",
]

[[package]]
name = "hermes-relayer-components"
version = "0.1.0"
source = "git+https://github.com/informalsystems/hermes-sdk.git#659e5bb934421413f4d19586027baba0520d6101"
dependencies = [
 "cgp-component-macro",
 "cgp-core",
 "hermes-encoding-components",
 "hermes-logging-components",
 "hermes-runtime-components",
]

[[package]]
name = "hermes-runtime-components"
version = "0.1.0"
source = "git+https://github.com/informalsystems/hermes-sdk.git#659e5bb934421413f4d19586027baba0520d6101"
dependencies = [
 "cgp-core",
]

[[package]]
name = "hermes-starknet-chain-components"
version = "0.1.0"
dependencies = [
 "cgp-core",
 "hermes-relayer-components",
]

[[package]]
name = "itertools"
version = "0.11.0"
source = "registry+https://github.com/rust-lang/crates.io-index"
checksum = "b1c173a5686ce8bfa551b3563d0c2170bf24ca44da99c7ca4bfdab5418c3fe57"
dependencies = [
 "either",
]

[[package]]
name = "prettyplease"
version = "0.2.20"
source = "registry+https://github.com/rust-lang/crates.io-index"
checksum = "5f12335488a2f3b0a83b14edad48dca9879ce89b2edd10e80237e4e852dd645e"
dependencies = [
 "proc-macro2",
 "syn",
]

[[package]]
name = "proc-macro2"
version = "1.0.86"
source = "registry+https://github.com/rust-lang/crates.io-index"
checksum = "5e719e8df665df0d1c8fbfd238015744736151d4445ec0836b8e628aae103b77"
dependencies = [
 "unicode-ident",
]

[[package]]
name = "quote"
version = "1.0.36"
source = "registry+https://github.com/rust-lang/crates.io-index"
checksum = "0fa76aaf39101c457836aec0ce2316dbdc3ab723cdda1c6bd4e6ad4208acaca7"
dependencies = [
 "proc-macro2",
]

[[package]]
name = "syn"
version = "2.0.72"
source = "registry+https://github.com/rust-lang/crates.io-index"
checksum = "dc4b9b9bf2add8093d3f2c0204471e951b2285580335de42f9d2534f3ae7a8af"
dependencies = [
 "proc-macro2",
 "quote",
 "unicode-ident",
]

[[package]]
name = "unicode-ident"
version = "1.0.12"
source = "registry+https://github.com/rust-lang/crates.io-index"
checksum = "3354b9ac3fae1ff6755cb6db53683adb661634f67557942dea4facebec0fee4b"

[[patch.unused]]
name = "cgp-error-eyre"
version = "0.1.0"
source = "git+https://github.com/informalsystems/cgp.git#778fb3f76164fc7b8199e8c6edd9f085ba73438d"

[[patch.unused]]
name = "hermes-async-runtime-components"
version = "0.1.0"
source = "git+https://github.com/informalsystems/hermes-sdk.git#659e5bb934421413f4d19586027baba0520d6101"

[[patch.unused]]
name = "hermes-cli"
version = "0.1.0"
source = "git+https://github.com/informalsystems/hermes-sdk.git#659e5bb934421413f4d19586027baba0520d6101"

[[patch.unused]]
name = "hermes-cli-components"
version = "0.1.0"
source = "git+https://github.com/informalsystems/hermes-sdk.git#659e5bb934421413f4d19586027baba0520d6101"

[[patch.unused]]
name = "hermes-cli-framework"
version = "0.1.0"
source = "git+https://github.com/informalsystems/hermes-sdk.git#659e5bb934421413f4d19586027baba0520d6101"

[[patch.unused]]
name = "hermes-cosmos-chain-components"
version = "0.1.0"
source = "git+https://github.com/informalsystems/hermes-sdk.git#659e5bb934421413f4d19586027baba0520d6101"

[[patch.unused]]
name = "hermes-cosmos-integration-tests"
version = "0.1.0"
source = "git+https://github.com/informalsystems/hermes-sdk.git#659e5bb934421413f4d19586027baba0520d6101"

[[patch.unused]]
name = "hermes-cosmos-relayer"
version = "0.1.0"
source = "git+https://github.com/informalsystems/hermes-sdk.git#659e5bb934421413f4d19586027baba0520d6101"

[[patch.unused]]
name = "hermes-cosmos-test-components"
version = "0.1.0"
source = "git+https://github.com/informalsystems/hermes-sdk.git#659e5bb934421413f4d19586027baba0520d6101"

[[patch.unused]]
name = "hermes-cosmos-wasm-relayer"
version = "0.1.0"
source = "git+https://github.com/informalsystems/hermes-sdk.git#659e5bb934421413f4d19586027baba0520d6101"

[[patch.unused]]
name = "hermes-error"
version = "0.1.0"
source = "git+https://github.com/informalsystems/hermes-sdk.git#659e5bb934421413f4d19586027baba0520d6101"

[[patch.unused]]
name = "hermes-ibc-test-suite"
version = "0.1.0"
source = "git+https://github.com/informalsystems/hermes-sdk.git#659e5bb934421413f4d19586027baba0520d6101"

[[patch.unused]]
name = "hermes-logger"
version = "0.1.0"
source = "git+https://github.com/informalsystems/hermes-sdk.git#659e5bb934421413f4d19586027baba0520d6101"

[[patch.unused]]
name = "hermes-protobuf-encoding-components"
version = "0.1.0"
source = "git+https://github.com/informalsystems/hermes-sdk.git#659e5bb934421413f4d19586027baba0520d6101"

[[patch.unused]]
name = "hermes-relayer-components-extra"
version = "0.1.0"
source = "git+https://github.com/informalsystems/hermes-sdk.git#659e5bb934421413f4d19586027baba0520d6101"

[[patch.unused]]
name = "hermes-runtime"
version = "0.1.0"
source = "git+https://github.com/informalsystems/hermes-sdk.git#659e5bb934421413f4d19586027baba0520d6101"

[[patch.unused]]
name = "hermes-test-components"
version = "0.1.0"
source = "git+https://github.com/informalsystems/hermes-sdk.git#659e5bb934421413f4d19586027baba0520d6101"

[[patch.unused]]
name = "hermes-tokio-runtime-components"
version = "0.1.0"
source = "git+https://github.com/informalsystems/hermes-sdk.git#659e5bb934421413f4d19586027baba0520d6101"

[[patch.unused]]
name = "hermes-tracing-logging-components"
version = "0.1.0"
source = "git+https://github.com/informalsystems/hermes-sdk.git#659e5bb934421413f4d19586027baba0520d6101"

[[patch.unused]]
name = "hermes-wasm-client-components"
version = "0.1.0"
source = "git+https://github.com/informalsystems/hermes-sdk.git#659e5bb934421413f4d19586027baba0520d6101"

[[patch.unused]]
name = "hermes-wasm-test-components"
version = "0.1.0"
source = "git+https://github.com/informalsystems/hermes-sdk.git#659e5bb934421413f4d19586027baba0520d6101"

[[patch.unused]]
name = "ibc"
version = "0.53.0"
source = "git+https://github.com/cosmos/ibc-rs.git?rev=5dc0b09#5dc0b09fd953914d574e47e87f785a079e37e73f"

[[patch.unused]]
name = "ibc-app-transfer"
version = "0.53.0"
source = "git+https://github.com/cosmos/ibc-rs.git?rev=5dc0b09#5dc0b09fd953914d574e47e87f785a079e37e73f"

[[patch.unused]]
name = "ibc-client-tendermint"
version = "0.53.0"
source = "git+https://github.com/cosmos/ibc-rs.git?rev=5dc0b09#5dc0b09fd953914d574e47e87f785a079e37e73f"

[[patch.unused]]
name = "ibc-client-wasm-types"
version = "0.53.0"
source = "git+https://github.com/cosmos/ibc-rs.git?rev=5dc0b09#5dc0b09fd953914d574e47e87f785a079e37e73f"

[[patch.unused]]
name = "ibc-core"
version = "0.53.0"
source = "git+https://github.com/cosmos/ibc-rs.git?rev=5dc0b09#5dc0b09fd953914d574e47e87f785a079e37e73f"

[[patch.unused]]
name = "ibc-core-client"
version = "0.53.0"
source = "git+https://github.com/cosmos/ibc-rs.git?rev=5dc0b09#5dc0b09fd953914d574e47e87f785a079e37e73f"

[[patch.unused]]
name = "ibc-core-host-cosmos"
version = "0.53.0"
source = "git+https://github.com/cosmos/ibc-rs.git?rev=5dc0b09#5dc0b09fd953914d574e47e87f785a079e37e73f"

[[patch.unused]]
name = "ibc-derive"
version = "0.7.0"
source = "git+https://github.com/cosmos/ibc-rs.git?rev=5dc0b09#5dc0b09fd953914d574e47e87f785a079e37e73f"

[[patch.unused]]
name = "ibc-primitives"
version = "0.53.0"
source = "git+https://github.com/cosmos/ibc-rs.git?rev=5dc0b09#5dc0b09fd953914d574e47e87f785a079e37e73f"

[[patch.unused]]
name = "ibc-query"
version = "0.53.0"
source = "git+https://github.com/cosmos/ibc-rs.git?rev=5dc0b09#5dc0b09fd953914d574e47e87f785a079e37e73f"

[[patch.unused]]
name = "ibc-relayer"
version = "0.29.0"
source = "git+https://github.com/informalsystems/hermes.git?rev=43f3e835#43f3e835a0beec4754bdcebdb76b13fefa1d7974"

[[patch.unused]]
name = "ibc-relayer-types"
version = "0.29.0"
source = "git+https://github.com/informalsystems/hermes.git?rev=43f3e835#43f3e835a0beec4754bdcebdb76b13fefa1d7974"

[[patch.unused]]
name = "ibc-telemetry"
version = "0.29.0"
source = "git+https://github.com/informalsystems/hermes.git?rev=43f3e835#43f3e835a0beec4754bdcebdb76b13fefa1d7974"
